// !$*UTF8*$!
{
	archiveVersion = 1;
	classes = {
	};
	objectVersion = 46;
	objects = {

/* Begin PBXBuildFile section */
		A59FE7911AFD192000C42768 /* main.m in Sources */ = {isa = PBXBuildFile; fileRef = A59FE7901AFD192000C42768 /* main.m */; };
		A59FE7941AFD192000C42768 /* AppDelegate.m in Sources */ = {isa = PBXBuildFile; fileRef = A59FE7931AFD192000C42768 /* AppDelegate.m */; };
		A59FE7971AFD192000C42768 /* ViewController.m in Sources */ = {isa = PBXBuildFile; fileRef = A59FE7961AFD192000C42768 /* ViewController.m */; };
		A59FE79A1AFD192000C42768 /* Main.storyboard in Resources */ = {isa = PBXBuildFile; fileRef = A59FE7981AFD192000C42768 /* Main.storyboard */; };
		A59FE79C1AFD192000C42768 /* Images.xcassets in Resources */ = {isa = PBXBuildFile; fileRef = A59FE79B1AFD192000C42768 /* Images.xcassets */; };
		A59FE79F1AFD192000C42768 /* LaunchScreen.xib in Resources */ = {isa = PBXBuildFile; fileRef = A59FE79D1AFD192000C42768 /* LaunchScreen.xib */; };
		A59FE7AB1AFD192000C42768 /* TrainLogTryTests.m in Sources */ = {isa = PBXBuildFile; fileRef = A59FE7AA1AFD192000C42768 /* TrainLogTryTests.m */; };
		A59FE7BA1AFD19D700C42768 /* ExerciseCell.m in Sources */ = {isa = PBXBuildFile; fileRef = A59FE7B51AFD19D700C42768 /* ExerciseCell.m */; };
		A59FE7BB1AFD19D700C42768 /* MainExerciseScreenDataSource.m in Sources */ = {isa = PBXBuildFile; fileRef = A59FE7B71AFD19D700C42768 /* MainExerciseScreenDataSource.m */; };
		A59FE7BC1AFD19D700C42768 /* MainExerciseScreenViewController.m in Sources */ = {isa = PBXBuildFile; fileRef = A59FE7B91AFD19D700C42768 /* MainExerciseScreenViewController.m */; };
		A59FE7C01AFD1AD200C42768 /* CellHighlight.png in Resources */ = {isa = PBXBuildFile; fileRef = A59FE7BD1AFD1AD200C42768 /* CellHighlight.png */; };
		A59FE7C11AFD1AD200C42768 /* CellNormal.png in Resources */ = {isa = PBXBuildFile; fileRef = A59FE7BE1AFD1AD200C42768 /* CellNormal.png */; };
		A59FE7C21AFD1AD200C42768 /* chromeMesh.png in Resources */ = {isa = PBXBuildFile; fileRef = A59FE7BF1AFD1AD200C42768 /* chromeMesh.png */; };
/* End PBXBuildFile section */

/* Begin PBXContainerItemProxy section */
		A59FE7A51AFD192000C42768 /* PBXContainerItemProxy */ = {
			isa = PBXContainerItemProxy;
			containerPortal = A59FE7831AFD192000C42768 /* Project object */;
			proxyType = 1;
			remoteGlobalIDString = A59FE78A1AFD192000C42768;
			remoteInfo = TrainLogTry;
		};
/* End PBXContainerItemProxy section */

/* Begin PBXFileReference section */
		A59FE78B1AFD192000C42768 /* TrainLogTry.app */ = {isa = PBXFileReference; explicitFileType = wrapper.application; includeInIndex = 0; path = TrainLogTry.app; sourceTree = BUILT_PRODUCTS_DIR; };
		A59FE78F1AFD192000C42768 /* Info.plist */ = {isa = PBXFileReference; lastKnownFileType = text.plist.xml; path = Info.plist; sourceTree = "<group>"; };
		A59FE7901AFD192000C42768 /* main.m */ = {isa = PBXFileReference; lastKnownFileType = sourcecode.c.objc; path = main.m; sourceTree = "<group>"; };
		A59FE7921AFD192000C42768 /* AppDelegate.h */ = {isa = PBXFileReference; lastKnownFileType = sourcecode.c.h; path = AppDelegate.h; sourceTree = "<group>"; };
		A59FE7931AFD192000C42768 /* AppDelegate.m */ = {isa = PBXFileReference; lastKnownFileType = sourcecode.c.objc; path = AppDelegate.m; sourceTree = "<group>"; };
		A59FE7951AFD192000C42768 /* ViewController.h */ = {isa = PBXFileReference; lastKnownFileType = sourcecode.c.h; path = ViewController.h; sourceTree = "<group>"; };
		A59FE7961AFD192000C42768 /* ViewController.m */ = {isa = PBXFileReference; lastKnownFileType = sourcecode.c.objc; path = ViewController.m; sourceTree = "<group>"; };
		A59FE7991AFD192000C42768 /* Base */ = {isa = PBXFileReference; lastKnownFileType = file.storyboard; name = Base; path = Base.lproj/Main.storyboard; sourceTree = "<group>"; };
		A59FE79B1AFD192000C42768 /* Images.xcassets */ = {isa = PBXFileReference; lastKnownFileType = folder.assetcatalog; path = Images.xcassets; sourceTree = "<group>"; };
		A59FE79E1AFD192000C42768 /* Base */ = {isa = PBXFileReference; lastKnownFileType = file.xib; name = Base; path = Base.lproj/LaunchScreen.xib; sourceTree = "<group>"; };
		A59FE7A41AFD192000C42768 /* TrainLogTryTests.xctest */ = {isa = PBXFileReference; explicitFileType = wrapper.cfbundle; includeInIndex = 0; path = TrainLogTryTests.xctest; sourceTree = BUILT_PRODUCTS_DIR; };
		A59FE7A91AFD192000C42768 /* Info.plist */ = {isa = PBXFileReference; lastKnownFileType = text.plist.xml; path = Info.plist; sourceTree = "<group>"; };
		A59FE7AA1AFD192000C42768 /* TrainLogTryTests.m */ = {isa = PBXFileReference; lastKnownFileType = sourcecode.c.objc; path = TrainLogTryTests.m; sourceTree = "<group>"; };
		A59FE7B41AFD19D700C42768 /* ExerciseCell.h */ = {isa = PBXFileReference; fileEncoding = 4; lastKnownFileType = sourcecode.c.h; path = ExerciseCell.h; sourceTree = "<group>"; };
		A59FE7B51AFD19D700C42768 /* ExerciseCell.m */ = {isa = PBXFileReference; fileEncoding = 4; lastKnownFileType = sourcecode.c.objc; path = ExerciseCell.m; sourceTree = "<group>"; };
		A59FE7B61AFD19D700C42768 /* MainExerciseScreenDataSource.h */ = {isa = PBXFileReference; fileEncoding = 4; lastKnownFileType = sourcecode.c.h; path = MainExerciseScreenDataSource.h; sourceTree = "<group>"; };
		A59FE7B71AFD19D700C42768 /* MainExerciseScreenDataSource.m */ = {isa = PBXFileReference; fileEncoding = 4; lastKnownFileType = sourcecode.c.objc; path = MainExerciseScreenDataSource.m; sourceTree = "<group>"; };
		A59FE7B81AFD19D700C42768 /* MainExerciseScreenViewController.h */ = {isa = PBXFileReference; fileEncoding = 4; lastKnownFileType = sourcecode.c.h; path = MainExerciseScreenViewController.h; sourceTree = "<group>"; };
		A59FE7B91AFD19D700C42768 /* MainExerciseScreenViewController.m */ = {isa = PBXFileReference; fileEncoding = 4; lastKnownFileType = sourcecode.c.objc; path = MainExerciseScreenViewController.m; sourceTree = "<group>"; };
		A59FE7BD1AFD1AD200C42768 /* CellHighlight.png */ = {isa = PBXFileReference; lastKnownFileType = image.png; path = CellHighlight.png; sourceTree = "<group>"; };
		A59FE7BE1AFD1AD200C42768 /* CellNormal.png */ = {isa = PBXFileReference; lastKnownFileType = image.png; path = CellNormal.png; sourceTree = "<group>"; };
		A59FE7BF1AFD1AD200C42768 /* chromeMesh.png */ = {isa = PBXFileReference; lastKnownFileType = image.png; path = chromeMesh.png; sourceTree = "<group>"; };
/* End PBXFileReference section */

/* Begin PBXFrameworksBuildPhase section */
		A59FE7881AFD192000C42768 /* Frameworks */ = {
			isa = PBXFrameworksBuildPhase;
			buildActionMask = 2147483647;
			files = (
			);
			runOnlyForDeploymentPostprocessing = 0;
		};
		A59FE7A11AFD192000C42768 /* Frameworks */ = {
			isa = PBXFrameworksBuildPhase;
			buildActionMask = 2147483647;
			files = (
			);
			runOnlyForDeploymentPostprocessing = 0;
		};
/* End PBXFrameworksBuildPhase section */

/* Begin PBXGroup section */
		A59FE7821AFD192000C42768 = {
			isa = PBXGroup;
			children = (
				A59FE78D1AFD192000C42768 /* TrainLogTry */,
				A59FE7A71AFD192000C42768 /* TrainLogTryTests */,
				A59FE78C1AFD192000C42768 /* Products */,
			);
			sourceTree = "<group>";
		};
		A59FE78C1AFD192000C42768 /* Products */ = {
			isa = PBXGroup;
			children = (
				A59FE78B1AFD192000C42768 /* TrainLogTry.app */,
				A59FE7A41AFD192000C42768 /* TrainLogTryTests.xctest */,
			);
			name = Products;
			sourceTree = "<group>";
		};
		A59FE78D1AFD192000C42768 /* TrainLogTry */ = {
			isa = PBXGroup;
			children = (
				A59FE7BD1AFD1AD200C42768 /* CellHighlight.png */,
				A59FE7BE1AFD1AD200C42768 /* CellNormal.png */,
				A59FE7BF1AFD1AD200C42768 /* chromeMesh.png */,
				A59FE7B41AFD19D700C42768 /* ExerciseCell.h */,
				A59FE7B51AFD19D700C42768 /* ExerciseCell.m */,
				A59FE7B61AFD19D700C42768 /* MainExerciseScreenDataSource.h */,
				A59FE7B71AFD19D700C42768 /* MainExerciseScreenDataSource.m */,
				A59FE7B81AFD19D700C42768 /* MainExerciseScreenViewController.h */,
				A59FE7B91AFD19D700C42768 /* MainExerciseScreenViewController.m */,
				A59FE7921AFD192000C42768 /* AppDelegate.h */,
				A59FE7931AFD192000C42768 /* AppDelegate.m */,
				A59FE7951AFD192000C42768 /* ViewController.h */,
				A59FE7961AFD192000C42768 /* ViewController.m */,
				A59FE7981AFD192000C42768 /* Main.storyboard */,
				A59FE79B1AFD192000C42768 /* Images.xcassets */,
				A59FE79D1AFD192000C42768 /* LaunchScreen.xib */,
				A59FE78E1AFD192000C42768 /* Supporting Files */,
			);
			path = TrainLogTry;
			sourceTree = "<group>";
		};
		A59FE78E1AFD192000C42768 /* Supporting Files */ = {
			isa = PBXGroup;
			children = (
				A59FE78F1AFD192000C42768 /* Info.plist */,
				A59FE7901AFD192000C42768 /* main.m */,
			);
			name = "Supporting Files";
			sourceTree = "<group>";
		};
		A59FE7A71AFD192000C42768 /* TrainLogTryTests */ = {
			isa = PBXGroup;
			children = (
				A59FE7AA1AFD192000C42768 /* TrainLogTryTests.m */,
				A59FE7A81AFD192000C42768 /* Supporting Files */,
			);
			path = TrainLogTryTests;
			sourceTree = "<group>";
		};
		A59FE7A81AFD192000C42768 /* Supporting Files */ = {
			isa = PBXGroup;
			children = (
				A59FE7A91AFD192000C42768 /* Info.plist */,
			);
			name = "Supporting Files";
			sourceTree = "<group>";
		};
/* End PBXGroup section */

/* Begin PBXNativeTarget section */
		A59FE78A1AFD192000C42768 /* TrainLogTry */ = {
			isa = PBXNativeTarget;
			buildConfigurationList = A59FE7AE1AFD192000C42768 /* Build configuration list for PBXNativeTarget "TrainLogTry" */;
			buildPhases = (
				A59FE7871AFD192000C42768 /* Sources */,
				A59FE7881AFD192000C42768 /* Frameworks */,
				A59FE7891AFD192000C42768 /* Resources */,
			);
			buildRules = (
			);
			dependencies = (
			);
			name = TrainLogTry;
			productName = TrainLogTry;
			productReference = A59FE78B1AFD192000C42768 /* TrainLogTry.app */;
			productType = "com.apple.product-type.application";
		};
		A59FE7A31AFD192000C42768 /* TrainLogTryTests */ = {
			isa = PBXNativeTarget;
			buildConfigurationList = A59FE7B11AFD192000C42768 /* Build configuration list for PBXNativeTarget "TrainLogTryTests" */;
			buildPhases = (
				A59FE7A01AFD192000C42768 /* Sources */,
				A59FE7A11AFD192000C42768 /* Frameworks */,
				A59FE7A21AFD192000C42768 /* Resources */,
			);
			buildRules = (
			);
			dependencies = (
				A59FE7A61AFD192000C42768 /* PBXTargetDependency */,
			);
			name = TrainLogTryTests;
			productName = TrainLogTryTests;
			productReference = A59FE7A41AFD192000C42768 /* TrainLogTryTests.xctest */;
			productType = "com.apple.product-type.bundle.unit-test";
		};
/* End PBXNativeTarget section */

/* Begin PBXProject section */
		A59FE7831AFD192000C42768 /* Project object */ = {
			isa = PBXProject;
			attributes = {
				LastUpgradeCheck = 0630;
				ORGANIZATIONNAME = Doug;
				TargetAttributes = {
					A59FE78A1AFD192000C42768 = {
						CreatedOnToolsVersion = 6.3;
					};
					A59FE7A31AFD192000C42768 = {
						CreatedOnToolsVersion = 6.3;
						TestTargetID = A59FE78A1AFD192000C42768;
					};
				};
			};
			buildConfigurationList = A59FE7861AFD192000C42768 /* Build configuration list for PBXProject "TrainLogTry" */;
			compatibilityVersion = "Xcode 3.2";
			developmentRegion = English;
			hasScannedForEncodings = 0;
			knownRegions = (
				en,
				Base,
			);
			mainGroup = A59FE7821AFD192000C42768;
			productRefGroup = A59FE78C1AFD192000C42768 /* Products */;
			projectDirPath = "";
			projectRoot = "";
			targets = (
				A59FE78A1AFD192000C42768 /* TrainLogTry */,
				A59FE7A31AFD192000C42768 /* TrainLogTryTests */,
			);
		};
/* End PBXProject section */

/* Begin PBXResourcesBuildPhase section */
		A59FE7891AFD192000C42768 /* Resources */ = {
			isa = PBXResourcesBuildPhase;
			buildActionMask = 2147483647;
			files = (
				A59FE7C01AFD1AD200C42768 /* CellHighlight.png in Resources */,
				A59FE7C11AFD1AD200C42768 /* CellNormal.png in Resources */,
				A59FE79A1AFD192000C42768 /* Main.storyboard in Resources */,
				A59FE79F1AFD192000C42768 /* LaunchScreen.xib in Resources */,
				A59FE7C21AFD1AD200C42768 /* chromeMesh.png in Resources */,
				A59FE79C1AFD192000C42768 /* Images.xcassets in Resources */,
			);
			runOnlyForDeploymentPostprocessing = 0;
		};
		A59FE7A21AFD192000C42768 /* Resources */ = {
			isa = PBXResourcesBuildPhase;
			buildActionMask = 2147483647;
			files = (
			);
			runOnlyForDeploymentPostprocessing = 0;
		};
/* End PBXResourcesBuildPhase section */

/* Begin PBXSourcesBuildPhase section */
		A59FE7871AFD192000C42768 /* Sources */ = {
			isa = PBXSourcesBuildPhase;
			buildActionMask = 2147483647;
			files = (
				A59FE7971AFD192000C42768 /* ViewController.m in Sources */,
				A59FE7BA1AFD19D700C42768 /* ExerciseCell.m in Sources */,
				A59FE7941AFD192000C42768 /* AppDelegate.m in Sources */,
				A59FE7BC1AFD19D700C42768 /* MainExerciseScreenViewController.m in Sources */,
				A59FE7911AFD192000C42768 /* main.m in Sources */,
				A59FE7BB1AFD19D700C42768 /* MainExerciseScreenDataSource.m in Sources */,
			);
			runOnlyForDeploymentPostprocessing = 0;
		};
		A59FE7A01AFD192000C42768 /* Sources */ = {
			isa = PBXSourcesBuildPhase;
			buildActionMask = 2147483647;
			files = (
				A59FE7AB1AFD192000C42768 /* TrainLogTryTests.m in Sources */,
			);
			runOnlyForDeploymentPostprocessing = 0;
		};
/* End PBXSourcesBuildPhase section */

/* Begin PBXTargetDependency section */
		A59FE7A61AFD192000C42768 /* PBXTargetDependency */ = {
			isa = PBXTargetDependency;
			target = A59FE78A1AFD192000C42768 /* TrainLogTry */;
			targetProxy = A59FE7A51AFD192000C42768 /* PBXContainerItemProxy */;
		};
/* End PBXTargetDependency section */

/* Begin PBXVariantGroup section */
		A59FE7981AFD192000C42768 /* Main.storyboard */ = {
			isa = PBXVariantGroup;
			children = (
				A59FE7991AFD192000C42768 /* Base */,
			);
			name = Main.storyboard;
			sourceTree = "<group>";
		};
		A59FE79D1AFD192000C42768 /* LaunchScreen.xib */ = {
			isa = PBXVariantGroup;
			children = (
				A59FE79E1AFD192000C42768 /* Base */,
			);
			name = LaunchScreen.xib;
			sourceTree = "<group>";
		};
/* End PBXVariantGroup section */

/* Begin XCBuildConfiguration section */
		A59FE7AC1AFD192000C42768 /* Debug */ = {
			isa = XCBuildConfiguration;
			buildSettings = {
				ALWAYS_SEARCH_USER_PATHS = NO;
				CLANG_CXX_LANGUAGE_STANDARD = "gnu++0x";
				CLANG_CXX_LIBRARY = "libc++";
				CLANG_ENABLE_MODULES = YES;
				CLANG_ENABLE_OBJC_ARC = YES;
				CLANG_WARN_BOOL_CONVERSION = YES;
				CLANG_WARN_CONSTANT_CONVERSION = YES;
				CLANG_WARN_DIRECT_OBJC_ISA_USAGE = YES_ERROR;
				CLANG_WARN_EMPTY_BODY = YES;
				CLANG_WARN_ENUM_CONVERSION = YES;
				CLANG_WARN_INT_CONVERSION = YES;
				CLANG_WARN_OBJC_ROOT_CLASS = YES_ERROR;
				CLANG_WARN_UNREACHABLE_CODE = YES;
				CLANG_WARN__DUPLICATE_METHOD_MATCH = YES;
				"CODE_SIGN_IDENTITY[sdk=iphoneos*]" = "iPhone Developer";
				COPY_PHASE_STRIP = NO;
				DEBUG_INFORMATION_FORMAT = "dwarf-with-dsym";
				ENABLE_STRICT_OBJC_MSGSEND = YES;
				GCC_C_LANGUAGE_STANDARD = gnu99;
				GCC_DYNAMIC_NO_PIC = NO;
				GCC_NO_COMMON_BLOCKS = YES;
				GCC_OPTIMIZATION_LEVEL = 0;
				GCC_PREPROCESSOR_DEFINITIONS = (
					"DEBUG=1",
					"$(inherited)",
				);
				GCC_SYMBOLS_PRIVATE_EXTERN = NO;
				GCC_WARN_64_TO_32_BIT_CONVERSION = YES;
				GCC_WARN_ABOUT_RETURN_TYPE = YES_ERROR;
				GCC_WARN_UNDECLARED_SELECTOR = YES;
				GCC_WARN_UNINITIALIZED_AUTOS = YES_AGGRESSIVE;
				GCC_WARN_UNUSED_FUNCTION = YES;
				GCC_WARN_UNUSED_VARIABLE = YES;
				IPHONEOS_DEPLOYMENT_TARGET = 8.3;
				MTL_ENABLE_DEBUG_INFO = YES;
				ONLY_ACTIVE_ARCH = YES;
				SDKROOT = iphoneos;
				TARGETED_DEVICE_FAMILY = "1,2";
			};
			name = Debug;
		};
		A59FE7AD1AFD192000C42768 /* Release */ = {
			isa = XCBuildConfiguration;
			buildSettings = {
				ALWAYS_SEARCH_USER_PATHS = NO;
				CLANG_CXX_LANGUAGE_STANDARD = "gnu++0x";
				CLANG_CXX_LIBRARY = "libc++";
				CLANG_ENABLE_MODULES = YES;
				CLANG_ENABLE_OBJC_ARC = YES;
				CLANG_WARN_BOOL_CONVERSION = YES;
				CLANG_WARN_CONSTANT_CONVERSION = YES;
				CLANG_WARN_DIRECT_OBJC_ISA_USAGE = YES_ERROR;
				CLANG_WARN_EMPTY_BODY = YES;
				CLANG_WARN_ENUM_CONVERSION = YES;
				CLANG_WARN_INT_CONVERSION = YES;
				CLANG_WARN_OBJC_ROOT_CLASS = YES_ERROR;
				CLANG_WARN_UNREACHABLE_CODE = YES;
				CLANG_WARN__DUPLICATE_METHOD_MATCH = YES;
				"CODE_SIGN_IDENTITY[sdk=iphoneos*]" = "iPhone Developer";
				COPY_PHASE_STRIP = NO;
				DEBUG_INFORMATION_FORMAT = "dwarf-with-dsym";
				ENABLE_NS_ASSERTIONS = NO;
				ENABLE_STRICT_OBJC_MSGSEND = YES;
				GCC_C_LANGUAGE_STANDARD = gnu99;
				GCC_NO_COMMON_BLOCKS = YES;
				GCC_WARN_64_TO_32_BIT_CONVERSION = YES;
				GCC_WARN_ABOUT_RETURN_TYPE = YES_ERROR;
				GCC_WARN_UNDECLARED_SELECTOR = YES;
				GCC_WARN_UNINITIALIZED_AUTOS = YES_AGGRESSIVE;
				GCC_WARN_UNUSED_FUNCTION = YES;
				GCC_WARN_UNUSED_VARIABLE = YES;
				IPHONEOS_DEPLOYMENT_TARGET = 8.3;
				MTL_ENABLE_DEBUG_INFO = NO;
				SDKROOT = iphoneos;
				TARGETED_DEVICE_FAMILY = "1,2";
				VALIDATE_PRODUCT = YES;
			};
			name = Release;
		};
		A59FE7AF1AFD192000C42768 /* Debug */ = {
			isa = XCBuildConfiguration;
			buildSettings = {
				ASSETCATALOG_COMPILER_APPICON_NAME = AppIcon;
				INFOPLIST_FILE = TrainLogTry/Info.plist;
				LD_RUNPATH_SEARCH_PATHS = "$(inherited) @executable_path/Frameworks";
				PRODUCT_NAME = "$(TARGET_NAME)";
			};
			name = Debug;
		};
		A59FE7B01AFD192000C42768 /* Release */ = {
			isa = XCBuildConfiguration;
			buildSettings = {
				ASSETCATALOG_COMPILER_APPICON_NAME = AppIcon;
				INFOPLIST_FILE = TrainLogTry/Info.plist;
				LD_RUNPATH_SEARCH_PATHS = "$(inherited) @executable_path/Frameworks";
				PRODUCT_NAME = "$(TARGET_NAME)";
			};
			name = Release;
		};
		A59FE7B21AFD192000C42768 /* Debug */ = {
			isa = XCBuildConfiguration;
			buildSettings = {
				BUNDLE_LOADER = "$(TEST_HOST)";
				FRAMEWORK_SEARCH_PATHS = (
					"$(SDKROOT)/Developer/Library/Frameworks",
					"$(inherited)",
				);
				GCC_PREPROCESSOR_DEFINITIONS = (
					"DEBUG=1",
					"$(inherited)",
				);
				INFOPLIST_FILE = TrainLogTryTests/Info.plist;
				LD_RUNPATH_SEARCH_PATHS = "$(inherited) @executable_path/Frameworks @loader_path/Frameworks";
				PRODUCT_NAME = "$(TARGET_NAME)";
				TEST_HOST = "$(BUILT_PRODUCTS_DIR)/TrainLogTry.app/TrainLogTry";
			};
			name = Debug;
		};
		A59FE7B31AFD192000C42768 /* Release */ = {
			isa = XCBuildConfiguration;
			buildSettings = {
				BUNDLE_LOADER = "$(TEST_HOST)";
				FRAMEWORK_SEARCH_PATHS = (
					"$(SDKROOT)/Developer/Library/Frameworks",
					"$(inherited)",
				);
				INFOPLIST_FILE = TrainLogTryTests/Info.plist;
				LD_RUNPATH_SEARCH_PATHS = "$(inherited) @executable_path/Frameworks @loader_path/Frameworks";
				PRODUCT_NAME = "$(TARGET_NAME)";
				TEST_HOST = "$(BUILT_PRODUCTS_DIR)/TrainLogTry.app/TrainLogTry";
			};
			name = Release;
		};
/* End XCBuildConfiguration section */

/* Begin XCConfigurationList section */
		A59FE7861AFD192000C42768 /* Build configuration list for PBXProject "TrainLogTry" */ = {
			isa = XCConfigurationList;
			buildConfigurations = (
				A59FE7AC1AFD192000C42768 /* Debug */,
				A59FE7AD1AFD192000C42768 /* Release */,
			);
			defaultConfigurationIsVisible = 0;
			defaultConfigurationName = Release;
		};
		A59FE7AE1AFD192000C42768 /* Build configuration list for PBXNativeTarget "TrainLogTry" */ = {
			isa = XCConfigurationList;
			buildConfigurations = (
				A59FE7AF1AFD192000C42768 /* Debug */,
				A59FE7B01AFD192000C42768 /* Release */,
			);
			defaultConfigurationIsVisible = 0;
		};
		A59FE7B11AFD192000C42768 /* Build configuration list for PBXNativeTarget "TrainLogTryTests" */ = {
			isa = XCConfigurationList;
			buildConfigurations = (
				A59FE7B21AFD192000C42768 /* Debug */,
				A59FE7B31AFD192000C42768 /* Release */,
			);
			defaultConfigurationIsVisible = 0;
		};
/* End XCConfigurationList section */
	};
	rootObject = A59FE7831AFD192000C42768 /* Project object */;
}
